
Microsoft Visual Studio Solution File, Format Version 12.00
# Visual Studio Version 17
VisualStudioVersion = 17.11.35327.3
MinimumVisualStudioVersion = 10.0.40219.1
Project("{9A19103F-16F7-4668-BE54-9A1E7A4F7556}") = "MediatrTestingPrototype.Tests", "MediatrTestingPrototype.Tests\MediatrTestingPrototype.Tests.csproj", "{75355034-E1B5-42F1-8590-0F0330F6B683}"
EndProject
Project("{9A19103F-16F7-4668-BE54-9A1E7A4F7556}") = "MediatrTestingPrototype", "MediatrTestingPrototype\MediatrTestingPrototype.csproj", "{24AEDA86-B35D-4F46-AD26-A464C90EA0B2}"
EndProject
Global
	GlobalSection(SolutionConfigurationPlatforms) = preSolution
		Debug|Any CPU = Debug|Any CPU
		Release|Any CPU = Release|Any CPU
	EndGlobalSection
	GlobalSection(ProjectConfigurationPlatforms) = postSolution
		{75355034-E1B5-42F1-8590-0F0330F6B683}.Debug|Any CPU.ActiveCfg = Debug|Any CPU
		{75355034-E1B5-42F1-8590-0F0330F6B683}.Debug|Any CPU.Build.0 = Debug|Any CPU
		{75355034-E1B5-42F1-8590-0F0330F6B683}.Release|Any CPU.ActiveCfg = Release|Any CPU
		{75355034-E1B5-42F1-8590-0F0330F6B683}.Release|Any CPU.Build.0 = Release|Any CPU
		{24AEDA86-B35D-4F46-AD26-A464C90EA0B2}.Debug|Any CPU.ActiveCfg = Debug|Any CPU
		{24AEDA86-B35D-4F46-AD26-A464C90EA0B2}.Debug|Any CPU.Build.0 = Debug|Any CPU
		{24AEDA86-B35D-4F46-AD26-A464C90EA0B2}.Release|Any CPU.ActiveCfg = Release|Any CPU
		{24AEDA86-B35D-4F46-AD26-A464C90EA0B2}.Release|Any CPU.Build.0 = Release|Any CPU
	EndGlobalSection
	GlobalSection(SolutionProperties) = preSolution
		HideSolutionNode = FALSE
	EndGlobalSection
	GlobalSection(ExtensibilityGlobals) = postSolution
		SolutionGuid = {0681A71E-ACCD-46FF-9A4F-DBCD464F7712}
	EndGlobalSection
EndGlobal
